
Microsoft Visual Studio Solution File, Format Version 12.00
# Visual Studio Version 16
VisualStudioVersion = 16.0.31910.168
MinimumVisualStudioVersion = 10.0.40219.1
Project("{FAE04EC0-301F-11D3-BF4B-00C04F79EFBC}") = "Natalia.Web", "Natalia.Web\Natalia.Web.csproj", "{806404FB-E84B-4C94-ADB1-641BE44F6F00}"
EndProject
Project("{FAE04EC0-301F-11D3-BF4B-00C04F79EFBC}") = "Natalia.Business", "Natalia.Business\Natalia.Business.csproj", "{B585A1E6-63F8-426A-86C8-4FCBD0E308F6}"
EndProject
Project("{FAE04EC0-301F-11D3-BF4B-00C04F79EFBC}") = "Natalia.Data", "Natalia.Data\Natalia.Data.csproj", "{EA72EB12-BAB3-409F-8304-E1A0B12260B9}"
EndProject
Global
	GlobalSection(SolutionConfigurationPlatforms) = preSolution
		Debug|Any CPU = Debug|Any CPU
		Release|Any CPU = Release|Any CPU
	EndGlobalSection
	GlobalSection(ProjectConfigurationPlatforms) = postSolution
		{806404FB-E84B-4C94-ADB1-641BE44F6F00}.Debug|Any CPU.ActiveCfg = Debug|Any CPU
		{806404FB-E84B-4C94-ADB1-641BE44F6F00}.Debug|Any CPU.Build.0 = Debug|Any CPU
		{806404FB-E84B-4C94-ADB1-641BE44F6F00}.Release|Any CPU.ActiveCfg = Release|Any CPU
		{806404FB-E84B-4C94-ADB1-641BE44F6F00}.Release|Any CPU.Build.0 = Release|Any CPU
		{B585A1E6-63F8-426A-86C8-4FCBD0E308F6}.Debug|Any CPU.ActiveCfg = Debug|Any CPU
		{B585A1E6-63F8-426A-86C8-4FCBD0E308F6}.Debug|Any CPU.Build.0 = Debug|Any CPU
		{B585A1E6-63F8-426A-86C8-4FCBD0E308F6}.Release|Any CPU.ActiveCfg = Release|Any CPU
		{B585A1E6-63F8-426A-86C8-4FCBD0E308F6}.Release|Any CPU.Build.0 = Release|Any CPU
		{EA72EB12-BAB3-409F-8304-E1A0B12260B9}.Debug|Any CPU.ActiveCfg = Debug|Any CPU
		{EA72EB12-BAB3-409F-8304-E1A0B12260B9}.Debug|Any CPU.Build.0 = Debug|Any CPU
		{EA72EB12-BAB3-409F-8304-E1A0B12260B9}.Release|Any CPU.ActiveCfg = Release|Any CPU
		{EA72EB12-BAB3-409F-8304-E1A0B12260B9}.Release|Any CPU.Build.0 = Release|Any CPU
	EndGlobalSection
	GlobalSection(SolutionProperties) = preSolution
		HideSolutionNode = FALSE
	EndGlobalSection
	GlobalSection(ExtensibilityGlobals) = postSolution
		SolutionGuid = {B9B06B65-6F90-4D62-B86B-CBE08E80D120}
	EndGlobalSection
EndGlobal
